
Microsoft Visual Studio Solution File, Format Version 12.00
# Visual Studio 15
VisualStudioVersion = 15.0.26730.15
MinimumVisualStudioVersion = 10.0.40219.1
Project("{FAE04EC0-301F-11D3-BF4B-00C04F79EFBC}") = "JD-XI Editor", "JD-XI Editor\JD-XI Editor.csproj", "{FD952A24-9296-41AC-9608-9BD56F42363F}"
EndProject
Project("{FAE04EC0-301F-11D3-BF4B-00C04F79EFBC}") = "KnobControl", "KnobControl\KnobControl.csproj", "{41FFF666-E1DD-4B10-A5EA-305361365435}"
EndProject
Global
	GlobalSection(SolutionConfigurationPlatforms) = preSolution
		Debug|Any CPU = Debug|Any CPU
		Release|Any CPU = Release|Any CPU
	EndGlobalSection
	GlobalSection(ProjectConfigurationPlatforms) = postSolution
		{FD952A24-9296-41AC-9608-9BD56F42363F}.Debug|Any CPU.ActiveCfg = Debug|Any CPU
		{FD952A24-9296-41AC-9608-9BD56F42363F}.Debug|Any CPU.Build.0 = Debug|Any CPU
		{FD952A24-9296-41AC-9608-9BD56F42363F}.Release|Any CPU.ActiveCfg = Release|Any CPU
		{FD952A24-9296-41AC-9608-9BD56F42363F}.Release|Any CPU.Build.0 = Release|Any CPU
		{41FFF666-E1DD-4B10-A5EA-305361365435}.Debug|Any CPU.ActiveCfg = Debug|Any CPU
		{41FFF666-E1DD-4B10-A5EA-305361365435}.Debug|Any CPU.Build.0 = Debug|Any CPU
		{41FFF666-E1DD-4B10-A5EA-305361365435}.Release|Any CPU.ActiveCfg = Release|Any CPU
		{41FFF666-E1DD-4B10-A5EA-305361365435}.Release|Any CPU.Build.0 = Release|Any CPU
	EndGlobalSection
	GlobalSection(SolutionProperties) = preSolution
		HideSolutionNode = FALSE
	EndGlobalSection
	GlobalSection(ExtensibilityGlobals) = postSolution
		SolutionGuid = {2FFD9C5B-809C-4135-8F3D-681E71F0188E}
	EndGlobalSection
EndGlobal
